{
  "name": "seneca-product-api",
  "version": "1.0.0",
  "lockfileVersion": 1,
  "requires": true,
  "dependencies": {
    "accepts": {
      "version": "1.3.3",
      "resolved": "https://registry.npmjs.org/accepts/-/accepts-1.3.3.tgz",
      "integrity": "sha1-w8p0NJOGSMPg2cHjKN1otiLChMo=",
      "requires": {
        "mime-types": "2.1.16",
        "negotiator": "0.6.1"
      }
    },
    "ajv": {
      "version": "4.11.8",
      "resolved": "https://registry.npmjs.org/ajv/-/ajv-4.11.8.tgz",
      "integrity": "sha1-gv+wKynmYq5TvcIK8VlHcGc5xTY=",
      "dev": true,
      "requires": {
        "co": "4.6.0",
        "json-stable-stringify": "1.0.1"
      }
    },
    "archy": {
      "version": "1.0.0",
      "resolved": "https://registry.npmjs.org/archy/-/archy-1.0.0.tgz",
      "integrity": "sha1-+cjBN1fMHde8N5rHeyxipcKGjEA="
    },
    "array-flatten": {
      "version": "1.1.1",
      "resolved": "https://registry.npmjs.org/array-flatten/-/array-flatten-1.1.1.tgz",
      "integrity": "sha1-ml9pkFGx5wczKPKgCJaLZOopVdI="
    },
    "asn1": {
      "version": "0.2.3",
      "resolved": "https://registry.npmjs.org/asn1/-/asn1-0.2.3.tgz",
      "integrity": "sha1-2sh4dxPJlmhJ/IGAd36+nB3fO4Y=",
      "dev": true
    },
    "assert-plus": {
      "version": "0.2.0",
      "resolved": "https://registry.npmjs.org/assert-plus/-/assert-plus-0.2.0.tgz",
      "integrity": "sha1-104bh+ev/A24qttwIfP+SBAasjQ=",
      "dev": true
    },
    "async": {
      "version": "1.5.2",
      "resolved": "https://registry.npmjs.org/async/-/async-1.5.2.tgz",
      "integrity": "sha1-7GphrlZIDAw8skHJVhjiCJL5Zyo="
    },
    "asynckit": {
      "version": "0.4.0",
      "resolved": "https://registry.npmjs.org/asynckit/-/asynckit-0.4.0.tgz",
      "integrity": "sha1-x57Zf380y48robyXkLzDZkdLS3k=",
      "dev": true
    },
    "aws-sign2": {
      "version": "0.6.0",
      "resolved": "https://registry.npmjs.org/aws-sign2/-/aws-sign2-0.6.0.tgz",
      "integrity": "sha1-FDQt0428yU0OW4fXY81jYSwOeU8=",
      "dev": true
    },
    "aws4": {
      "version": "1.6.0",
      "resolved": "https://registry.npmjs.org/aws4/-/aws4-1.6.0.tgz",
      "integrity": "sha1-g+9cqGCysy5KDe7e6MdxudtXRx4=",
      "dev": true
    },
    "backoff": {
      "version": "2.3.0",
      "resolved": "https://registry.npmjs.org/backoff/-/backoff-2.3.0.tgz",
      "integrity": "sha1-7nx+OAk/kuRyhZ22NedlJFT8Ieo="
    },
    "bcrypt-pbkdf": {
      "version": "1.0.1",
      "resolved": "https://registry.npmjs.org/bcrypt-pbkdf/-/bcrypt-pbkdf-1.0.1.tgz",
      "integrity": "sha1-Y7xdy2EzG5K8Bf1SiVPDNGKgb40=",
      "dev": true,
      "optional": true,
      "requires": {
        "tweetnacl": "0.14.5"
      }
    },
    "body-parser": {
      "version": "1.17.2",
      "resolved": "https://registry.npmjs.org/body-parser/-/body-parser-1.17.2.tgz",
      "integrity": "sha1-+IkqvI+eYn1Crtr7yma/WrmRBO4=",
      "requires": {
        "bytes": "2.4.0",
        "content-type": "1.0.2",
        "debug": "2.6.7",
        "depd": "1.1.1",
        "http-errors": "1.6.2",
        "iconv-lite": "0.4.15",
        "on-finished": "2.3.0",
        "qs": "6.4.0",
        "raw-body": "2.2.0",
        "type-is": "1.6.15"
      }
    },
    "boom": {
      "version": "2.10.1",
      "resolved": "https://registry.npmjs.org/boom/-/boom-2.10.1.tgz",
      "integrity": "sha1-OciRjO/1eZ+D+UkqhI9iWt0Mdm8=",
      "requires": {
        "hoek": "2.16.3"
      }
    },
    "bytes": {
      "version": "2.4.0",
      "resolved": "https://registry.npmjs.org/bytes/-/bytes-2.4.0.tgz",
      "integrity": "sha1-fZcZb51br39pNeJZhVSe3SpsIzk="
    },
    "caseless": {
      "version": "0.12.0",
      "resolved": "https://registry.npmjs.org/caseless/-/caseless-0.12.0.tgz",
      "integrity": "sha1-G2gcIf+EAzyCZUMJBolCDRhxUdw=",
      "dev": true
    },
    "co": {
      "version": "4.6.0",
      "resolved": "https://registry.npmjs.org/co/-/co-4.6.0.tgz",
      "integrity": "sha1-bqa989hTrlTMuOR7+gvz+QMfsYQ=",
      "dev": true
    },
    "coffee-script": {
      "version": "1.12.7",
      "resolved": "https://registry.npmjs.org/coffee-script/-/coffee-script-1.12.7.tgz",
      "integrity": "sha512-fLeEhqwymYat/MpTPUjSKHVYYl0ec2mOyALEMLmzr5i1isuG+6jfI2j2d5oBO3VIzgUXgBVIcOT9uH1TFxBckw==",
      "dev": true
    },
    "combined-stream": {
      "version": "1.0.5",
      "resolved": "https://registry.npmjs.org/combined-stream/-/combined-stream-1.0.5.tgz",
      "integrity": "sha1-k4NwpXtKUd6ix3wV1cX9+JUWQAk=",
      "dev": true,
      "requires": {
        "delayed-stream": "1.0.0"
      }
    },
    "connect": {
      "version": "3.4.1",
      "resolved": "https://registry.npmjs.org/connect/-/connect-3.4.1.tgz",
      "integrity": "sha1-ohNh0/QJnvdhzabcSpc7seuwo00=",
      "requires": {
        "debug": "2.2.0",
        "finalhandler": "0.4.1",
        "parseurl": "1.3.1",
        "utils-merge": "1.0.0"
      },
      "dependencies": {
        "debug": {
          "version": "2.2.0",
          "resolved": "https://registry.npmjs.org/debug/-/debug-2.2.0.tgz",
          "integrity": "sha1-+HBX6ZWxofauaklgZkE3vFbwOdo=",
          "requires": {
            "ms": "0.7.1"
          }
        },
        "finalhandler": {
          "version": "0.4.1",
          "resolved": "https://registry.npmjs.org/finalhandler/-/finalhandler-0.4.1.tgz",
          "integrity": "sha1-haF8bFmpRxfSYtYSMNSw6+PUoU0=",
          "requires": {
            "debug": "2.2.0",
            "escape-html": "1.0.3",
            "on-finished": "2.3.0",
            "unpipe": "1.0.0"
          }
        },
        "ms": {
          "version": "0.7.1",
          "resolved": "https://registry.npmjs.org/ms/-/ms-0.7.1.tgz",
          "integrity": "sha1-nNE8A62/8ltl7/3nzoZO6VIBcJg="
        }
      }
    },
    "content-disposition": {
      "version": "0.5.2",
      "resolved": "https://registry.npmjs.org/content-disposition/-/content-disposition-0.5.2.tgz",
      "integrity": "sha1-DPaLud318r55YcOoUXjLhdunjLQ="
    },
    "content-type": {
      "version": "1.0.2",
      "resolved": "https://registry.npmjs.org/content-type/-/content-type-1.0.2.tgz",
      "integrity": "sha1-t9ETrueo3Se9IRM8TcJSnfFyHu0="
    },
    "cookie": {
      "version": "0.3.1",
      "resolved": "https://registry.npmjs.org/cookie/-/cookie-0.3.1.tgz",
      "integrity": "sha1-5+Ch+e9DtMi6klxcWpboBtFoc7s="
    },
    "cookie-signature": {
      "version": "1.0.6",
      "resolved": "https://registry.npmjs.org/cookie-signature/-/cookie-signature-1.0.6.tgz",
      "integrity": "sha1-4wOogrNCzD7oylE6eZmXNNqzriw="
    },
    "core-util-is": {
      "version": "1.0.2",
      "resolved": "https://registry.npmjs.org/core-util-is/-/core-util-is-1.0.2.tgz",
      "integrity": "sha1-tf1UIgqivFq1eqtxQMlAdUUDwac="
    },
    "cryptiles": {
      "version": "2.0.5",
      "resolved": "https://registry.npmjs.org/cryptiles/-/cryptiles-2.0.5.tgz",
      "integrity": "sha1-O9/s3GCBR8HGcgL6KR59ylnqo7g=",
      "dev": true,
      "requires": {
        "boom": "2.10.1"
      }
    },
    "dashdash": {
      "version": "1.14.1",
      "resolved": "https://registry.npmjs.org/dashdash/-/dashdash-1.14.1.tgz",
      "integrity": "sha1-hTz6D3y+L+1d4gMmuN1YEDX24vA=",
      "dev": true,
      "requires": {
        "assert-plus": "1.0.0"
      },
      "dependencies": {
        "assert-plus": {
          "version": "1.0.0",
          "resolved": "https://registry.npmjs.org/assert-plus/-/assert-plus-1.0.0.tgz",
          "integrity": "sha1-8S4PPF13sLHN2RRpQuTpbB5N1SU=",
          "dev": true
        }
      }
    },
    "debug": {
      "version": "2.6.7",
      "resolved": "https://registry.npmjs.org/debug/-/debug-2.6.7.tgz",
      "integrity": "sha1-krrR9tBbu2u6Isyoi80OyJTChh4=",
      "requires": {
        "ms": "2.0.0"
      }
    },
    "delayed-stream": {
      "version": "1.0.0",
      "resolved": "https://registry.npmjs.org/delayed-stream/-/delayed-stream-1.0.0.tgz",
      "integrity": "sha1-3zrhmayt+31ECqrgsp4icrJOxhk=",
      "dev": true
    },
    "depd": {
      "version": "1.1.1",
      "resolved": "https://registry.npmjs.org/depd/-/depd-1.1.1.tgz",
      "integrity": "sha1-V4O04cRZ8G+lyif5kfPQbnoxA1k="
    },
    "destroy": {
      "version": "1.0.4",
      "resolved": "https://registry.npmjs.org/destroy/-/destroy-1.0.4.tgz",
      "integrity": "sha1-l4hXRCxEdJ5CBmE+N5RiBYJqvYA="
    },
    "ecc-jsbn": {
      "version": "0.1.1",
      "resolved": "https://registry.npmjs.org/ecc-jsbn/-/ecc-jsbn-0.1.1.tgz",
      "integrity": "sha1-D8c6ntXw1Tw4GTOYUj735UN3dQU=",
      "dev": true,
      "optional": true,
      "requires": {
        "jsbn": "0.1.1"
      }
    },
    "ee-first": {
      "version": "1.1.1",
      "resolved": "https://registry.npmjs.org/ee-first/-/ee-first-1.1.1.tgz",
      "integrity": "sha1-WQxhFWsK4vTwJVcyoViyZrxWsh0="
    },
    "encodeurl": {
      "version": "1.0.1",
      "resolved": "https://registry.npmjs.org/encodeurl/-/encodeurl-1.0.1.tgz",
      "integrity": "sha1-eePVhlU0aQn+bw9Fpd5oEDspTSA="
    },
    "eraro": {
      "version": "0.4.1",
      "resolved": "https://registry.npmjs.org/eraro/-/eraro-0.4.1.tgz",
      "integrity": "sha1-ZThzB2mh6J/8Pwx+LJTVofhmYp0=",
      "requires": {
        "lodash": "2.4.2"
      },
      "dependencies": {
        "lodash": {
          "version": "2.4.2",
          "resolved": "https://registry.npmjs.org/lodash/-/lodash-2.4.2.tgz",
          "integrity": "sha1-+t2DS5aDBz2hebPq5tnA0VBT9z4="
        }
      }
    },
    "escape-html": {
      "version": "1.0.3",
      "resolved": "https://registry.npmjs.org/escape-html/-/escape-html-1.0.3.tgz",
      "integrity": "sha1-Aljq5NPQwJdN4cFpGI7wBR0dGYg="
    },
    "etag": {
      "version": "1.8.0",
      "resolved": "https://registry.npmjs.org/etag/-/etag-1.8.0.tgz",
      "integrity": "sha1-b2Ma7zNtbEY2K1F2QETOIWvjwFE="
    },
    "express": {
      "version": "4.15.4",
      "resolved": "https://registry.npmjs.org/express/-/express-4.15.4.tgz",
      "integrity": "sha1-Ay4iU0ic+PzgJma+yj0R7XotrtE=",
      "requires": {
        "accepts": "1.3.3",
        "array-flatten": "1.1.1",
        "content-disposition": "0.5.2",
        "content-type": "1.0.2",
        "cookie": "0.3.1",
        "cookie-signature": "1.0.6",
        "debug": "2.6.8",
        "depd": "1.1.1",
        "encodeurl": "1.0.1",
        "escape-html": "1.0.3",
        "etag": "1.8.0",
        "finalhandler": "1.0.4",
        "fresh": "0.5.0",
        "merge-descriptors": "1.0.1",
        "methods": "1.1.2",
        "on-finished": "2.3.0",
        "parseurl": "1.3.1",
        "path-to-regexp": "0.1.7",
        "proxy-addr": "1.1.5",
        "qs": "6.5.0",
        "range-parser": "1.2.0",
        "send": "0.15.4",
        "serve-static": "1.12.4",
        "setprototypeof": "1.0.3",
        "statuses": "1.3.1",
        "type-is": "1.6.15",
        "utils-merge": "1.0.0",
        "vary": "1.1.1"
      },
      "dependencies": {
        "debug": {
          "version": "2.6.8",
          "resolved": "https://registry.npmjs.org/debug/-/debug-2.6.8.tgz",
          "integrity": "sha1-5zFTHKLt4n0YgiJCfaF4IdaP9Pw=",
          "requires": {
            "ms": "2.0.0"
          }
        },
        "qs": {
          "version": "6.5.0",
          "resolved": "https://registry.npmjs.org/qs/-/qs-6.5.0.tgz",
          "integrity": "sha512-fjVFjW9yhqMhVGwRExCXLhJKrLlkYSaxNWdyc9rmHlrVZbk35YHH312dFd7191uQeXkI3mKLZTIbSvIeFwFemg=="
        }
      }
    },
    "extend": {
      "version": "3.0.1",
      "resolved": "https://registry.npmjs.org/extend/-/extend-3.0.1.tgz",
      "integrity": "sha1-p1Xqe8Gt/MWjHOfnYtuq3F5jZEQ=",
      "dev": true
    },
    "extsprintf": {
      "version": "1.3.0",
      "resolved": "https://registry.npmjs.org/extsprintf/-/extsprintf-1.3.0.tgz",
      "integrity": "sha1-lpGEQOMEGnpBT4xS48V06zw+HgU=",
      "dev": true
    },
    "fileset": {
      "version": "0.1.8",
      "resolved": "https://registry.npmjs.org/fileset/-/fileset-0.1.8.tgz",
      "integrity": "sha1-UGuRqTluqn4y+0KoQHfHoMc2t0E=",
      "dev": true,
      "requires": {
        "glob": "3.2.11",
        "minimatch": "0.2.14"
      }
    },
    "finalhandler": {
      "version": "1.0.4",
      "resolved": "https://registry.npmjs.org/finalhandler/-/finalhandler-1.0.4.tgz",
      "integrity": "sha512-16l/r8RgzlXKmFOhZpHBztvye+lAhC5SU7hXavnerC9UfZqZxxXl3BzL8MhffPT3kF61lj9Oav2LKEzh0ei7tg==",
      "requires": {
        "debug": "2.6.8",
        "encodeurl": "1.0.1",
        "escape-html": "1.0.3",
        "on-finished": "2.3.0",
        "parseurl": "1.3.1",
        "statuses": "1.3.1",
        "unpipe": "1.0.0"
      },
      "dependencies": {
        "debug": {
          "version": "2.6.8",
          "resolved": "https://registry.npmjs.org/debug/-/debug-2.6.8.tgz",
          "integrity": "sha1-5zFTHKLt4n0YgiJCfaF4IdaP9Pw=",
          "requires": {
            "ms": "2.0.0"
          }
        }
      }
    },
    "forever-agent": {
      "version": "0.6.1",
      "resolved": "https://registry.npmjs.org/forever-agent/-/forever-agent-0.6.1.tgz",
      "integrity": "sha1-+8cfDEGt6zf5bFd60e1C2P2sypE=",
      "dev": true
    },
    "form-data": {
      "version": "2.1.4",
      "resolved": "https://registry.npmjs.org/form-data/-/form-data-2.1.4.tgz",
      "integrity": "sha1-M8GDrPGTJ27KqYFDpp6Uv+4XUNE=",
      "dev": true,
      "requires": {
        "asynckit": "0.4.0",
        "combined-stream": "1.0.5",
        "mime-types": "2.1.16"
      }
    },
    "forwarded": {
      "version": "0.1.0",
      "resolved": "https://registry.npmjs.org/forwarded/-/forwarded-0.1.0.tgz",
      "integrity": "sha1-Ge+YdMSuHCl7zweP3mOgm2aoQ2M="
    },
    "fresh": {
      "version": "0.5.0",
      "resolved": "https://registry.npmjs.org/fresh/-/fresh-0.5.0.tgz",
      "integrity": "sha1-9HTKXmqSRtb9jglTz6m5yAWvp44="
    },
    "gate-executor": {
      "version": "0.4.0",
      "resolved": "https://registry.npmjs.org/gate-executor/-/gate-executor-0.4.0.tgz",
      "integrity": "sha1-ReSue9dg/+8NiB/ZOttPf2x2kVI=",
      "requires": {
        "async": "1.5.2",
        "eraro": "0.4.1",
        "lodash": "4.0.0"
      },
      "dependencies": {
        "lodash": {
          "version": "4.0.0",
          "resolved": "https://registry.npmjs.org/lodash/-/lodash-4.0.0.tgz",
          "integrity": "sha1-msQ4RMWV4o0wEIt7pYNwM5WSLfw="
        }
      }
    },
    "gaze": {
      "version": "0.3.4",
      "resolved": "https://registry.npmjs.org/gaze/-/gaze-0.3.4.tgz",
      "integrity": "sha1-X5S92gr+U7xxCWm81vKCVI1gwnk=",
      "dev": true,
      "requires": {
        "fileset": "0.1.8",
        "minimatch": "0.2.14"
      }
    },
    "getpass": {
      "version": "0.1.7",
      "resolved": "https://registry.npmjs.org/getpass/-/getpass-0.1.7.tgz",
      "integrity": "sha1-Xv+OPmhNVprkyysSgmBOi6YhSfo=",
      "dev": true,
      "requires": {
        "assert-plus": "1.0.0"
      },
      "dependencies": {
        "assert-plus": {
          "version": "1.0.0",
          "resolved": "https://registry.npmjs.org/assert-plus/-/assert-plus-1.0.0.tgz",
          "integrity": "sha1-8S4PPF13sLHN2RRpQuTpbB5N1SU=",
          "dev": true
        }
      }
    },
    "gex": {
      "version": "0.2.2",
      "resolved": "https://registry.npmjs.org/gex/-/gex-0.2.2.tgz",
      "integrity": "sha1-LUCdJDCVlwjaVc9WKUxk9tiXNIc=",
      "requires": {
        "lodash": "3.10.0"
      },
      "dependencies": {
        "lodash": {
          "version": "3.10.0",
          "resolved": "https://registry.npmjs.org/lodash/-/lodash-3.10.0.tgz",
          "integrity": "sha1-k9UcZygopEFqEq9XIguoqHN+L7s="
        }
      }
    },
    "glob": {
      "version": "3.2.11",
      "resolved": "https://registry.npmjs.org/glob/-/glob-3.2.11.tgz",
      "integrity": "sha1-Spc/Y1uRkPcV0QmH1cAP0oFevj0=",
      "dev": true,
      "requires": {
        "inherits": "2.0.3",
        "minimatch": "0.3.0"
      },
      "dependencies": {
        "lru-cache": {
          "version": "2.7.3",
          "resolved": "https://registry.npmjs.org/lru-cache/-/lru-cache-2.7.3.tgz",
          "integrity": "sha1-bUUk6LlV+V1PW1iFHOId1y+06VI=",
          "dev": true
        },
        "minimatch": {
          "version": "0.3.0",
          "resolved": "https://registry.npmjs.org/minimatch/-/minimatch-0.3.0.tgz",
          "integrity": "sha1-J12O2qxPG7MyZHIInnlJyDlGmd0=",
          "dev": true,
          "requires": {
            "lru-cache": "2.7.3",
            "sigmund": "1.0.1"
          }
        }
      }
    },
    "growl": {
      "version": "1.7.0",
      "resolved": "https://registry.npmjs.org/growl/-/growl-1.7.0.tgz",
      "integrity": "sha1-3i1mE20ALhErpw8/EMMc98NQsto=",
      "dev": true
    },
    "har-schema": {
      "version": "1.0.5",
      "resolved": "https://registry.npmjs.org/har-schema/-/har-schema-1.0.5.tgz",
      "integrity": "sha1-0mMTX0MwfALGAq/I/pWXDAFRNp4=",
      "dev": true
    },
    "har-validator": {
      "version": "4.2.1",
      "resolved": "https://registry.npmjs.org/har-validator/-/har-validator-4.2.1.tgz",
      "integrity": "sha1-M0gdDxu/9gDdID11gSpqX7oALio=",
      "dev": true,
      "requires": {
        "ajv": "4.11.8",
        "har-schema": "1.0.5"
      }
    },
    "hawk": {
      "version": "3.1.3",
      "resolved": "https://registry.npmjs.org/hawk/-/hawk-3.1.3.tgz",
      "integrity": "sha1-B4REvXwWQLD+VA0sm3PVlnjo4cQ=",
      "dev": true,
      "requires": {
        "boom": "2.10.1",
        "cryptiles": "2.0.5",
        "hoek": "2.16.3",
        "sntp": "1.0.9"
      }
    },
    "hoek": {
      "version": "2.16.3",
      "resolved": "https://registry.npmjs.org/hoek/-/hoek-2.16.3.tgz",
      "integrity": "sha1-ILt0A9POo5jpHcRxCo/xuCdKJe0="
    },
    "http-errors": {
      "version": "1.6.2",
      "resolved": "https://registry.npmjs.org/http-errors/-/http-errors-1.6.2.tgz",
      "integrity": "sha1-CgAsyFcHGSp+eUbO7cERVfYOxzY=",
      "requires": {
        "depd": "1.1.1",
        "inherits": "2.0.3",
        "setprototypeof": "1.0.3",
        "statuses": "1.3.1"
      }
    },
    "http-signature": {
      "version": "1.1.1",
      "resolved": "https://registry.npmjs.org/http-signature/-/http-signature-1.1.1.tgz",
      "integrity": "sha1-33LiZwZs0Kxn+3at+OE0qPvPkb8=",
      "dev": true,
      "requires": {
        "assert-plus": "0.2.0",
        "jsprim": "1.4.1",
        "sshpk": "1.13.1"
      }
    },
    "iconv-lite": {
      "version": "0.4.15",
      "resolved": "https://registry.npmjs.org/iconv-lite/-/iconv-lite-0.4.15.tgz",
      "integrity": "sha1-/iZaIYrGpXz+hUkn6dBMGYJe3es="
    },
    "inherits": {
      "version": "2.0.3",
      "resolved": "https://registry.npmjs.org/inherits/-/inherits-2.0.3.tgz",
      "integrity": "sha1-Yzwsg+PaQqUC9SRmAiSA9CCCYd4="
    },
    "ipaddr.js": {
      "version": "1.4.0",
      "resolved": "https://registry.npmjs.org/ipaddr.js/-/ipaddr.js-1.4.0.tgz",
      "integrity": "sha1-KWrKh4qCGBbluF0KKFqZvP9FgvA="
    },
    "is-typedarray": {
      "version": "1.0.0",
      "resolved": "https://registry.npmjs.org/is-typedarray/-/is-typedarray-1.0.0.tgz",
      "integrity": "sha1-5HnICFjfDBsR3dppQPlgEfzaSpo=",
      "dev": true
    },
    "isarray": {
      "version": "1.0.0",
      "resolved": "https://registry.npmjs.org/isarray/-/isarray-1.0.0.tgz",
      "integrity": "sha1-u5NdSFgsuhaMBoNJV6VKPgcSTxE="
    },
    "isstream": {
      "version": "0.1.2",
      "resolved": "https://registry.npmjs.org/isstream/-/isstream-0.1.2.tgz",
      "integrity": "sha1-R+Y/evVa+m+S4VAOaQ64uFKcCZo=",
      "dev": true
    },
    "jasmine-growl-reporter": {
      "version": "0.0.3",
      "resolved": "https://registry.npmjs.org/jasmine-growl-reporter/-/jasmine-growl-reporter-0.0.3.tgz",
      "integrity": "sha1-uHrlUeNZ0orVIXdl6u9sB7dj9sg=",
      "dev": true,
      "requires": {
        "growl": "1.7.0"
      }
    },
    "jasmine-node": {
      "version": "1.14.5",
      "resolved": "https://registry.npmjs.org/jasmine-node/-/jasmine-node-1.14.5.tgz",
      "integrity": "sha1-GOg5e4VpJO53ADZmw3MbWupQw50=",
      "dev": true,
      "requires": {
        "coffee-script": "1.12.7",
        "gaze": "0.3.4",
        "jasmine-growl-reporter": "0.0.3",
        "jasmine-reporters": "1.0.2",
        "mkdirp": "0.3.5",
        "requirejs": "2.3.4",
        "underscore": "1.8.3",
        "walkdir": "0.0.11"
      }
    },
    "jasmine-reporters": {
      "version": "1.0.2",
      "resolved": "https://registry.npmjs.org/jasmine-reporters/-/jasmine-reporters-1.0.2.tgz",
      "integrity": "sha1-q2E+1Zd9x0h+hbPBL2qOqNsq3jE=",
      "dev": true,
      "requires": {
        "mkdirp": "0.3.5"
      }
    },
    "jsbn": {
      "version": "0.1.1",
      "resolved": "https://registry.npmjs.org/jsbn/-/jsbn-0.1.1.tgz",
      "integrity": "sha1-peZUwuWi3rXyAdls77yoDA7y9RM=",
      "dev": true,
      "optional": true
    },
    "json-schema": {
      "version": "0.2.3",
      "resolved": "https://registry.npmjs.org/json-schema/-/json-schema-0.2.3.tgz",
      "integrity": "sha1-tIDIkuWaLwWVTOcnvT8qTogvnhM=",
      "dev": true
    },
    "json-stable-stringify": {
      "version": "1.0.1",
      "resolved": "https://registry.npmjs.org/json-stable-stringify/-/json-stable-stringify-1.0.1.tgz",
      "integrity": "sha1-mnWdOcXy/1A/1TAGRu1EX4jE+a8=",
      "dev": true,
      "requires": {
        "jsonify": "0.0.0"
      }
    },
    "json-stringify-safe": {
      "version": "5.0.1",
      "resolved": "https://registry.npmjs.org/json-stringify-safe/-/json-stringify-safe-5.0.1.tgz",
      "integrity": "sha1-Epai1Y/UXxmg9s4B1lcB4sc1tus="
    },
    "jsonic": {
      "version": "0.2.2",
      "resolved": "https://registry.npmjs.org/jsonic/-/jsonic-0.2.2.tgz",
      "integrity": "sha1-Enu5nfTYIWUsSKI9AlzysW5hhJE="
    },
    "jsonify": {
      "version": "0.0.0",
      "resolved": "https://registry.npmjs.org/jsonify/-/jsonify-0.0.0.tgz",
      "integrity": "sha1-LHS27kHZPKUbe1qu6PUDYx0lKnM=",
      "dev": true
    },
    "jsprim": {
      "version": "1.4.1",
      "resolved": "https://registry.npmjs.org/jsprim/-/jsprim-1.4.1.tgz",
      "integrity": "sha1-MT5mvB5cwG5Di8G3SZwuXFastqI=",
      "dev": true,
      "requires": {
        "assert-plus": "1.0.0",
        "extsprintf": "1.3.0",
        "json-schema": "0.2.3",
        "verror": "1.10.0"
      },
      "dependencies": {
        "assert-plus": {
          "version": "1.0.0",
          "resolved": "https://registry.npmjs.org/assert-plus/-/assert-plus-1.0.0.tgz",
          "integrity": "sha1-8S4PPF13sLHN2RRpQuTpbB5N1SU=",
          "dev": true
        }
      }
    },
    "lodash": {
      "version": "4.5.0",
      "resolved": "https://registry.npmjs.org/lodash/-/lodash-4.5.0.tgz",
      "integrity": "sha1-IoSqBvWxNq29lUuQNRG2L8OdH1k="
    },
    "lru-cache": {
      "version": "4.0.0",
      "resolved": "https://registry.npmjs.org/lru-cache/-/lru-cache-4.0.0.tgz",
      "integrity": "sha1-tcvwFVbBaWb+vlTO7A+03JDfbCg=",
      "requires": {
        "pseudomap": "1.0.2",
        "yallist": "2.1.2"
      }
    },
    "media-typer": {
      "version": "0.3.0",
      "resolved": "https://registry.npmjs.org/media-typer/-/media-typer-0.3.0.tgz",
      "integrity": "sha1-hxDXrwqmJvj/+hzgAWhUUmMlV0g="
    },
    "merge-descriptors": {
      "version": "1.0.1",
      "resolved": "https://registry.npmjs.org/merge-descriptors/-/merge-descriptors-1.0.1.tgz",
      "integrity": "sha1-sAqqVW3YtEVoFQ7J0blT8/kMu2E="
    },
    "methods": {
      "version": "1.1.2",
      "resolved": "https://registry.npmjs.org/methods/-/methods-1.1.2.tgz",
      "integrity": "sha1-VSmk1nZUE07cxSZmVoNbD4Ua/O4="
    },
    "mime": {
      "version": "1.3.4",
      "resolved": "https://registry.npmjs.org/mime/-/mime-1.3.4.tgz",
      "integrity": "sha1-EV+eO2s9rylZmDyzjxSaLUDrXVM="
    },
    "mime-db": {
      "version": "1.29.0",
      "resolved": "https://registry.npmjs.org/mime-db/-/mime-db-1.29.0.tgz",
      "integrity": "sha1-SNJtI1WJZRcErFkWygYAGRQmaHg="
    },
    "mime-types": {
      "version": "2.1.16",
      "resolved": "https://registry.npmjs.org/mime-types/-/mime-types-2.1.16.tgz",
      "integrity": "sha1-K4WKUuXs1RbbiXrCvodIeDBpjiM=",
      "requires": {
        "mime-db": "1.29.0"
      }
    },
    "minimatch": {
      "version": "0.2.14",
      "resolved": "https://registry.npmjs.org/minimatch/-/minimatch-0.2.14.tgz",
      "integrity": "sha1-x054BXT2PG+aCQ6Q775u9TpqdWo=",
      "dev": true,
      "requires": {
        "lru-cache": "2.7.3",
        "sigmund": "1.0.1"
      },
      "dependencies": {
        "lru-cache": {
          "version": "2.7.3",
          "resolved": "https://registry.npmjs.org/lru-cache/-/lru-cache-2.7.3.tgz",
          "integrity": "sha1-bUUk6LlV+V1PW1iFHOId1y+06VI=",
          "dev": true
        }
      }
    },
    "minimist": {
      "version": "1.2.0",
      "resolved": "https://registry.npmjs.org/minimist/-/minimist-1.2.0.tgz",
      "integrity": "sha1-o1AIsg9BOD7sH7kU9M1d95omQoQ="
    },
    "mkdirp": {
      "version": "0.3.5",
      "resolved": "https://registry.npmjs.org/mkdirp/-/mkdirp-0.3.5.tgz",
      "integrity": "sha1-3j5fiWHIjHh+4TaN+EmsRBPsqNc=",
      "dev": true
    },
    "ms": {
      "version": "2.0.0",
      "resolved": "https://registry.npmjs.org/ms/-/ms-2.0.0.tgz",
      "integrity": "sha1-VgiurfwAvmwpAd9fmGF4jeDVl8g="
    },
    "mstring": {
      "version": "0.1.2",
      "resolved": "https://registry.npmjs.org/mstring/-/mstring-0.1.2.tgz",
      "integrity": "sha1-iiaLGy3q3h5Y5NHrpUhKn++vrwI="
    },
    "ndjson": {
      "version": "1.4.4",
      "resolved": "https://registry.npmjs.org/ndjson/-/ndjson-1.4.4.tgz",
      "integrity": "sha1-eCAmc24Uaf7m7qED6IVxM2xyw3E=",
      "requires": {
        "minimist": "1.2.0",
        "split2": "2.1.1",
        "through2": "2.0.3"
      }
    },
    "negotiator": {
      "version": "0.6.1",
      "resolved": "https://registry.npmjs.org/negotiator/-/negotiator-0.6.1.tgz",
      "integrity": "sha1-KzJxhOiZIQEXeyhWP7XnECrNDKk="
    },
    "nid": {
      "version": "0.3.2",
      "resolved": "https://registry.npmjs.org/nid/-/nid-0.3.2.tgz",
      "integrity": "sha1-l3qTGO1cKjjt1mJj8+r9gUPyJRo="
    },
    "norma": {
      "version": "0.3.0",
      "resolved": "https://registry.npmjs.org/norma/-/norma-0.3.0.tgz",
      "integrity": "sha1-JyZcNBEBjDLJPucZ9pLPkN7Fq2Q=",
      "requires": {
        "eraro": "0.4.1",
        "lodash": "2.4.2"
      },
      "dependencies": {
        "lodash": {
          "version": "2.4.2",
          "resolved": "https://registry.npmjs.org/lodash/-/lodash-2.4.2.tgz",
          "integrity": "sha1-+t2DS5aDBz2hebPq5tnA0VBT9z4="
        }
      }
    },
    "oauth-sign": {
      "version": "0.8.2",
      "resolved": "https://registry.npmjs.org/oauth-sign/-/oauth-sign-0.8.2.tgz",
      "integrity": "sha1-Rqarfwrq2N6unsBWV4C31O/rnUM=",
      "dev": true
    },
    "on-finished": {
      "version": "2.3.0",
      "resolved": "https://registry.npmjs.org/on-finished/-/on-finished-2.3.0.tgz",
      "integrity": "sha1-IPEzZIGwg811M3mSoWlxqi2QaUc=",
      "requires": {
        "ee-first": "1.1.1"
      }
    },
    "parambulator": {
      "version": "1.5.2",
      "resolved": "https://registry.npmjs.org/parambulator/-/parambulator-1.5.2.tgz",
      "integrity": "sha1-cMr6sUVG0QA8xTveMy4vIFxc+J0=",
      "requires": {
        "gex": "0.2.2",
        "jsonic": "0.2.2",
        "lodash": "4.5.0"
      }
    },
    "parseurl": {
      "version": "1.3.1",
      "resolved": "https://registry.npmjs.org/parseurl/-/parseurl-1.3.1.tgz",
      "integrity": "sha1-yKuMkiO6NIiKpkopeyiFO+wY2lY="
    },
    "path-to-regexp": {
      "version": "0.1.7",
      "resolved": "https://registry.npmjs.org/path-to-regexp/-/path-to-regexp-0.1.7.tgz",
      "integrity": "sha1-32BBeABfUi8V60SQ5yR6G/qmf4w="
    },
    "patrun": {
      "version": "0.5.0",
      "resolved": "https://registry.npmjs.org/patrun/-/patrun-0.5.0.tgz",
      "integrity": "sha1-d6UfdzrEkxuzU/1B1Z3mR4/GEY0=",
      "requires": {
        "gex": "0.2.2",
        "lodash": "3.10.0"
      },
      "dependencies": {
        "lodash": {
          "version": "3.10.0",
          "resolved": "https://registry.npmjs.org/lodash/-/lodash-3.10.0.tgz",
          "integrity": "sha1-k9UcZygopEFqEq9XIguoqHN+L7s="
        }
      }
    },
    "performance-now": {
      "version": "0.2.0",
      "resolved": "https://registry.npmjs.org/performance-now/-/performance-now-0.2.0.tgz",
      "integrity": "sha1-M+8wxcd9TqIcWlOGnZG1bY8lVeU=",
      "dev": true
    },
    "process-nextick-args": {
      "version": "1.0.7",
      "resolved": "https://registry.npmjs.org/process-nextick-args/-/process-nextick-args-1.0.7.tgz",
      "integrity": "sha1-FQ4gt1ZZCtP5EJPyWk8q2L/zC6M="
    },
    "proxy-addr": {
      "version": "1.1.5",
      "resolved": "https://registry.npmjs.org/proxy-addr/-/proxy-addr-1.1.5.tgz",
      "integrity": "sha1-ccDuOxAt4/IC87ZPYI0XP8uhqRg=",
      "requires": {
        "forwarded": "0.1.0",
        "ipaddr.js": "1.4.0"
      }
    },
    "pseudomap": {
      "version": "1.0.2",
      "resolved": "https://registry.npmjs.org/pseudomap/-/pseudomap-1.0.2.tgz",
      "integrity": "sha1-8FKijacOYYkX7wqKw0wa5aaChrM="
    },
    "punycode": {
      "version": "1.4.1",
      "resolved": "https://registry.npmjs.org/punycode/-/punycode-1.4.1.tgz",
      "integrity": "sha1-wNWmOycYgArY4esPpSachN1BhF4=",
      "dev": true
    },
    "qs": {
      "version": "6.4.0",
      "resolved": "https://registry.npmjs.org/qs/-/qs-6.4.0.tgz",
      "integrity": "sha1-E+JtKK1rD/qpExLNO/cI7TUecjM="
    },
    "range-parser": {
      "version": "1.2.0",
      "resolved": "https://registry.npmjs.org/range-parser/-/range-parser-1.2.0.tgz",
      "integrity": "sha1-9JvmtIeJTdxA3MlKMi9hEJLgDV4="
    },
    "raw-body": {
      "version": "2.2.0",
      "resolved": "https://registry.npmjs.org/raw-body/-/raw-body-2.2.0.tgz",
      "integrity": "sha1-mUl2z2pQlqQRYoQEkvC9xdbn+5Y=",
      "requires": {
        "bytes": "2.4.0",
        "iconv-lite": "0.4.15",
        "unpipe": "1.0.0"
      }
    },
    "readable-stream": {
      "version": "2.3.3",
      "resolved": "https://registry.npmjs.org/readable-stream/-/readable-stream-2.3.3.tgz",
      "integrity": "sha512-m+qzzcn7KUxEmd1gMbchF+Y2eIUbieUaxkWtptyHywrX0rE8QEYqPC07Vuy4Wm32/xE16NcdBctb8S0Xe/5IeQ==",
      "requires": {
        "core-util-is": "1.0.2",
        "inherits": "2.0.3",
        "isarray": "1.0.0",
        "process-nextick-args": "1.0.7",
        "safe-buffer": "5.1.1",
        "string_decoder": "1.0.3",
        "util-deprecate": "1.0.2"
      }
    },
    "reconnect-core": {
      "version": "1.1.0",
      "resolved": "https://registry.npmjs.org/reconnect-core/-/reconnect-core-1.1.0.tgz",
      "integrity": "sha1-W7Ngs1sZfqVT8JK2BXUzqkHyhow=",
      "requires": {
        "backoff": "2.3.0"
      }
    },
    "request": {
      "version": "2.81.0",
      "resolved": "https://registry.npmjs.org/request/-/request-2.81.0.tgz",
      "integrity": "sha1-xpKJRqDgbF+Nb4qTM0af/aRimKA=",
      "dev": true,
      "requires": {
        "aws-sign2": "0.6.0",
        "aws4": "1.6.0",
        "caseless": "0.12.0",
        "combined-stream": "1.0.5",
        "extend": "3.0.1",
        "forever-agent": "0.6.1",
        "form-data": "2.1.4",
        "har-validator": "4.2.1",
        "hawk": "3.1.3",
        "http-signature": "1.1.1",
        "is-typedarray": "1.0.0",
        "isstream": "0.1.2",
        "json-stringify-safe": "5.0.1",
        "mime-types": "2.1.16",
        "oauth-sign": "0.8.2",
        "performance-now": "0.2.0",
        "qs": "6.4.0",
        "safe-buffer": "5.1.1",
        "stringstream": "0.0.5",
        "tough-cookie": "2.3.2",
        "tunnel-agent": "0.6.0",
        "uuid": "3.1.0"
      }
    },
    "requirejs": {
      "version": "2.3.4",
      "resolved": "https://registry.npmjs.org/requirejs/-/requirejs-2.3.4.tgz",
      "integrity": "sha512-qPD5gRrj6kGQ0ZySAJgqbArkaDqPMbQIT0zSZDkIv1mfA17w/tR2Faq5l2qqRf2CdQx6FWln9nUrgd2UDzb19A==",
      "dev": true
    },
    "rolling-stats": {
      "version": "0.1.1",
      "resolved": "https://registry.npmjs.org/rolling-stats/-/rolling-stats-0.1.1.tgz",
      "integrity": "sha1-zVr3dKiJOzCmdIMvovSrqkeM/IA="
    },
    "safe-buffer": {
      "version": "5.1.1",
      "resolved": "https://registry.npmjs.org/safe-buffer/-/safe-buffer-5.1.1.tgz",
      "integrity": "sha512-kKvNJn6Mm93gAczWVJg7wH+wGYWNrDHdWvpUmHyEsgCtIwwo3bqPtV4tR5tuPaUhTOo/kvhVwd8XwwOllGYkbg=="
    },
    "semver": {
      "version": "5.1.0",
      "resolved": "https://registry.npmjs.org/semver/-/semver-5.1.0.tgz",
      "integrity": "sha1-hfLPhVBGXE3wAM99hvawVBBqueU="
    },
    "send": {
      "version": "0.15.4",
      "resolved": "https://registry.npmjs.org/send/-/send-0.15.4.tgz",
      "integrity": "sha1-mF+qPihLAnPHkzZKNcZze9k5Bbk=",
      "requires": {
        "debug": "2.6.8",
        "depd": "1.1.1",
        "destroy": "1.0.4",
        "encodeurl": "1.0.1",
        "escape-html": "1.0.3",
        "etag": "1.8.0",
        "fresh": "0.5.0",
        "http-errors": "1.6.2",
        "mime": "1.3.4",
        "ms": "2.0.0",
        "on-finished": "2.3.0",
        "range-parser": "1.2.0",
        "statuses": "1.3.1"
      },
      "dependencies": {
        "debug": {
          "version": "2.6.8",
          "resolved": "https://registry.npmjs.org/debug/-/debug-2.6.8.tgz",
          "integrity": "sha1-5zFTHKLt4n0YgiJCfaF4IdaP9Pw=",
          "requires": {
            "ms": "2.0.0"
          }
        }
      }
    },
    "seneca": {
      "version": "2.1.0",
      "resolved": "https://registry.npmjs.org/seneca/-/seneca-2.1.0.tgz",
      "integrity": "sha1-QhPY/AGEAUsNPqR7XttzZ/aF2Zw=",
      "requires": {
        "archy": "1.0.0",
        "eraro": "0.4.1",
        "gate-executor": "0.4.0",
        "gex": "0.2.2",
        "jsonic": "0.2.2",
        "lodash": "4.5.0",
        "lru-cache": "4.0.0",
        "minimist": "1.2.0",
        "nid": "0.3.2",
        "norma": "0.3.0",
        "parambulator": "1.5.2",
        "patrun": "0.5.0",
        "rolling-stats": "0.1.1",
        "semver": "5.1.0",
        "seneca-basic": "0.4.0",
        "seneca-cluster": "0.0.1",
        "seneca-mem-store": "0.5.0",
        "seneca-parambulator": "0.2.0",
        "seneca-repl": "0.2.0",
        "seneca-transport": "1.2.0",
        "seneca-web": "0.7.1",
        "use-plugin": "0.3.1",
        "zig": "0.1.1"
      }
    },
    "seneca-basic": {
      "version": "0.4.0",
      "resolved": "https://registry.npmjs.org/seneca-basic/-/seneca-basic-0.4.0.tgz",
      "integrity": "sha1-NeFADmG+EOuQ33Pd4/laRTh7gzc=",
      "requires": {
        "async": "1.5.2",
        "lodash": "4.0.0",
        "nid": "0.3.2"
      },
      "dependencies": {
        "lodash": {
          "version": "4.0.0",
          "resolved": "https://registry.npmjs.org/lodash/-/lodash-4.0.0.tgz",
          "integrity": "sha1-msQ4RMWV4o0wEIt7pYNwM5WSLfw="
        }
      }
    },
    "seneca-cluster": {
      "version": "0.0.1",
      "resolved": "https://registry.npmjs.org/seneca-cluster/-/seneca-cluster-0.0.1.tgz",
      "integrity": "sha1-1qK0SCyLzUnM8Obhol+F70Cl9tM=",
      "requires": {
        "eraro": "0.4.1",
        "semver": "5.1.0"
      }
    },
    "seneca-mem-store": {
      "version": "0.5.0",
      "resolved": "https://registry.npmjs.org/seneca-mem-store/-/seneca-mem-store-0.5.0.tgz",
      "integrity": "sha1-LDgxkSMw+uMWI06prmiXNuB0Vzg=",
      "requires": {
        "lodash": "3.10.1"
      },
      "dependencies": {
        "lodash": {
          "version": "3.10.1",
          "resolved": "https://registry.npmjs.org/lodash/-/lodash-3.10.1.tgz",
          "integrity": "sha1-W/Rejkm6QYnhfUgnid/RW9FAt7Y="
        }
      }
    },
    "seneca-parambulator": {
      "version": "0.2.0",
      "resolved": "https://registry.npmjs.org/seneca-parambulator/-/seneca-parambulator-0.2.0.tgz",
      "integrity": "sha1-HiYmrpU5H4bW2WoKFYm4kHu6IQ4=",
      "requires": {
        "lodash": "4.5.0",
        "parambulator": "1.5.2"
      }
    },
    "seneca-repl": {
      "version": "0.2.0",
      "resolved": "https://registry.npmjs.org/seneca-repl/-/seneca-repl-0.2.0.tgz",
      "integrity": "sha1-fQdtEOshvax52aibm7kyhlQlSu4=",
      "requires": {
        "jsonic": "0.2.2",
        "lodash": "4.5.0"
      }
    },
    "seneca-transport": {
      "version": "1.2.0",
      "resolved": "https://registry.npmjs.org/seneca-transport/-/seneca-transport-1.2.0.tgz",
      "integrity": "sha1-A2fOuKjxV9ljfAqiKH+C9rJ6gao=",
      "requires": {
        "eraro": "0.4.1",
        "gex": "0.2.2",
        "jsonic": "0.2.2",
        "lodash": "4.5.1",
        "lru-cache": "3.2.0",
        "ndjson": "1.4.4",
        "nid": "0.3.2",
        "patrun": "0.5.0",
        "qs": "5.2.0",
        "reconnect-core": "1.1.0",
        "wreck": "6.3.0"
      },
      "dependencies": {
        "lodash": {
          "version": "4.5.1",
          "resolved": "https://registry.npmjs.org/lodash/-/lodash-4.5.1.tgz",
          "integrity": "sha1-gOigdMpfOJOmscELKmNkktcQwxY="
        },
        "lru-cache": {
          "version": "3.2.0",
          "resolved": "https://registry.npmjs.org/lru-cache/-/lru-cache-3.2.0.tgz",
          "integrity": "sha1-cXibO39Tmb7IVl3aOKow0qCX7+4=",
          "requires": {
            "pseudomap": "1.0.2"
          }
        },
        "qs": {
          "version": "5.2.0",
          "resolved": "https://registry.npmjs.org/qs/-/qs-5.2.0.tgz",
          "integrity": "sha1-qfMRQq9GjLcrJbMBNrokVoNJFr4="
        }
      }
    },
    "seneca-web": {
      "version": "0.7.1",
      "resolved": "https://registry.npmjs.org/seneca-web/-/seneca-web-0.7.1.tgz",
      "integrity": "sha1-9pT4CtK7Rhj8a4VmcKG9zfTewH0=",
      "requires": {
        "async": "1.5.2",
        "connect": "3.4.1",
        "eraro": "0.4.1",
        "json-stringify-safe": "5.0.1",
        "lodash": "4.2.1",
        "methods": "1.1.2",
        "mstring": "0.1.2",
        "nid": "0.3.2",
        "norma": "0.3.0",
        "parambulator": "1.5.1",
        "rolling-stats": "0.1.1",
        "serve-static": "1.10.2"
      },
      "dependencies": {
        "debug": {
          "version": "2.2.0",
          "resolved": "https://registry.npmjs.org/debug/-/debug-2.2.0.tgz",
          "integrity": "sha1-+HBX6ZWxofauaklgZkE3vFbwOdo=",
          "requires": {
            "ms": "0.7.1"
          }
        },
        "etag": {
          "version": "1.7.0",
          "resolved": "https://registry.npmjs.org/etag/-/etag-1.7.0.tgz",
          "integrity": "sha1-A9MLX2fdbmMtKUXTDWZScxo01dg="
        },
        "fresh": {
          "version": "0.3.0",
          "resolved": "https://registry.npmjs.org/fresh/-/fresh-0.3.0.tgz",
          "integrity": "sha1-ZR+DjiJCTnVm3hYdg1jKoZn4PU8="
        },
        "gex": {
          "version": "0.2.0",
          "resolved": "https://registry.npmjs.org/gex/-/gex-0.2.0.tgz",
          "integrity": "sha1-5f9BdNZstlaq7bYk76LjV/YR5og=",
          "requires": {
            "lodash": "2.4.2"
          },
          "dependencies": {
            "lodash": {
              "version": "2.4.2",
              "resolved": "https://registry.npmjs.org/lodash/-/lodash-2.4.2.tgz",
              "integrity": "sha1-+t2DS5aDBz2hebPq5tnA0VBT9z4="
            }
          }
        },
        "http-errors": {
          "version": "1.3.1",
          "resolved": "https://registry.npmjs.org/http-errors/-/http-errors-1.3.1.tgz",
          "integrity": "sha1-GX4izevUGYWF6GlO9nhhl7ke2UI=",
          "requires": {
            "inherits": "2.0.3",
            "statuses": "1.2.1"
          }
        },
        "jsonic": {
          "version": "0.2.0",
          "resolved": "https://registry.npmjs.org/jsonic/-/jsonic-0.2.0.tgz",
          "integrity": "sha1-fjpTlkLd8sS4DT+pEVwL+pN3xb0="
        },
        "lodash": {
          "version": "4.2.1",
          "resolved": "https://registry.npmjs.org/lodash/-/lodash-4.2.1.tgz",
          "integrity": "sha1-Fx/c+7ww1onFRM0YwFKfVt5sGqk="
        },
        "ms": {
          "version": "0.7.1",
          "resolved": "https://registry.npmjs.org/ms/-/ms-0.7.1.tgz",
          "integrity": "sha1-nNE8A62/8ltl7/3nzoZO6VIBcJg="
        },
        "parambulator": {
          "version": "1.5.1",
          "resolved": "https://registry.npmjs.org/parambulator/-/parambulator-1.5.1.tgz",
          "integrity": "sha1-N8XQ5b+5JOJVg7JDMulPiIdiQsw=",
          "requires": {
            "gex": "0.2.0",
            "jsonic": "0.2.0",
            "lodash": "2.4.2"
          },
          "dependencies": {
            "lodash": {
              "version": "2.4.2",
              "resolved": "https://registry.npmjs.org/lodash/-/lodash-2.4.2.tgz",
              "integrity": "sha1-+t2DS5aDBz2hebPq5tnA0VBT9z4="
            }
          }
        },
        "range-parser": {
          "version": "1.0.3",
          "resolved": "https://registry.npmjs.org/range-parser/-/range-parser-1.0.3.tgz",
          "integrity": "sha1-aHKCNTXGkuLCoBA4Jq/YLC4P8XU="
        },
        "send": {
          "version": "0.13.1",
          "resolved": "https://registry.npmjs.org/send/-/send-0.13.1.tgz",
          "integrity": "sha1-ow1fTILIqbrprQCh2bG9vm8Zntc=",
          "requires": {
            "debug": "2.2.0",
            "depd": "1.1.1",
            "destroy": "1.0.4",
            "escape-html": "1.0.3",
            "etag": "1.7.0",
            "fresh": "0.3.0",
            "http-errors": "1.3.1",
            "mime": "1.3.4",
            "ms": "0.7.1",
            "on-finished": "2.3.0",
            "range-parser": "1.0.3",
            "statuses": "1.2.1"
          }
        },
        "serve-static": {
          "version": "1.10.2",
          "resolved": "https://registry.npmjs.org/serve-static/-/serve-static-1.10.2.tgz",
          "integrity": "sha1-/rgA0OciEk3QsAMzFgwW6cqovLM=",
          "requires": {
            "escape-html": "1.0.3",
            "parseurl": "1.3.1",
            "send": "0.13.1"
          }
        },
        "statuses": {
          "version": "1.2.1",
          "resolved": "https://registry.npmjs.org/statuses/-/statuses-1.2.1.tgz",
          "integrity": "sha1-3e1FzBglbVHtQK7BQkidXGECbSg="
        }
      }
    },
    "serve-static": {
      "version": "1.12.4",
      "resolved": "https://registry.npmjs.org/serve-static/-/serve-static-1.12.4.tgz",
      "integrity": "sha1-m2qpjutyU8Tu3Ewfb9vKYJkBqWE=",
      "requires": {
        "encodeurl": "1.0.1",
        "escape-html": "1.0.3",
        "parseurl": "1.3.1",
        "send": "0.15.4"
      }
    },
    "setprototypeof": {
      "version": "1.0.3",
      "resolved": "https://registry.npmjs.org/setprototypeof/-/setprototypeof-1.0.3.tgz",
      "integrity": "sha1-ZlZ+NwQ+608E2RvWWMDL77VbjgQ="
    },
    "sigmund": {
      "version": "1.0.1",
      "resolved": "https://registry.npmjs.org/sigmund/-/sigmund-1.0.1.tgz",
      "integrity": "sha1-P/IfGYytIXX587eBhT/ZTQ0ZtZA=",
      "dev": true
    },
    "sntp": {
      "version": "1.0.9",
      "resolved": "https://registry.npmjs.org/sntp/-/sntp-1.0.9.tgz",
      "integrity": "sha1-ZUEYTMkK7qbG57NeJlkIJEPGYZg=",
      "dev": true,
      "requires": {
        "hoek": "2.16.3"
      }
    },
    "split2": {
      "version": "2.1.1",
      "resolved": "https://registry.npmjs.org/split2/-/split2-2.1.1.tgz",
      "integrity": "sha1-eh9VHhdqkOzTNF9yRqDP4XXvT9A=",
      "requires": {
        "through2": "2.0.3"
      }
    },
    "sshpk": {
      "version": "1.13.1",
      "resolved": "https://registry.npmjs.org/sshpk/-/sshpk-1.13.1.tgz",
      "integrity": "sha1-US322mKHFEMW3EwY/hzx2UBzm+M=",
      "dev": true,
      "requires": {
        "asn1": "0.2.3",
        "assert-plus": "1.0.0",
        "bcrypt-pbkdf": "1.0.1",
        "dashdash": "1.14.1",
        "ecc-jsbn": "0.1.1",
        "getpass": "0.1.7",
        "jsbn": "0.1.1",
        "tweetnacl": "0.14.5"
      },
      "dependencies": {
        "assert-plus": {
          "version": "1.0.0",
          "resolved": "https://registry.npmjs.org/assert-plus/-/assert-plus-1.0.0.tgz",
          "integrity": "sha1-8S4PPF13sLHN2RRpQuTpbB5N1SU=",
          "dev": true
        }
      }
    },
    "statuses": {
      "version": "1.3.1",
      "resolved": "https://registry.npmjs.org/statuses/-/statuses-1.3.1.tgz",
      "integrity": "sha1-+vUbnrdKrvOzrPStX2Gr8ky3uT4="
    },
    "string_decoder": {
      "version": "1.0.3",
      "resolved": "https://registry.npmjs.org/string_decoder/-/string_decoder-1.0.3.tgz",
      "integrity": "sha512-4AH6Z5fzNNBcH+6XDMfA/BTt87skxqJlO0lAh3Dker5zThcAxG6mKz+iGu308UKoPPQ8Dcqx/4JhujzltRa+hQ==",
      "requires": {
        "safe-buffer": "5.1.1"
      }
    },
    "stringstream": {
      "version": "0.0.5",
      "resolved": "https://registry.npmjs.org/stringstream/-/stringstream-0.0.5.tgz",
      "integrity": "sha1-TkhM1N5aC7vuGORjB3EKioFiGHg=",
      "dev": true
    },
    "through2": {
      "version": "2.0.3",
      "resolved": "https://registry.npmjs.org/through2/-/through2-2.0.3.tgz",
      "integrity": "sha1-AARWmzfHx0ujnEPzzteNGtlBQL4=",
      "requires": {
        "readable-stream": "2.3.3",
        "xtend": "4.0.1"
      }
    },
    "tough-cookie": {
      "version": "2.3.2",
      "resolved": "https://registry.npmjs.org/tough-cookie/-/tough-cookie-2.3.2.tgz",
      "integrity": "sha1-8IH3bkyFcg5sN6X6ztc3FQ2EByo=",
      "dev": true,
      "requires": {
        "punycode": "1.4.1"
      }
    },
    "tunnel-agent": {
      "version": "0.6.0",
      "resolved": "https://registry.npmjs.org/tunnel-agent/-/tunnel-agent-0.6.0.tgz",
      "integrity": "sha1-J6XeoGs2sEoKmWZ3SykIaPD8QP0=",
      "dev": true,
      "requires": {
        "safe-buffer": "5.1.1"
      }
    },
    "tweetnacl": {
      "version": "0.14.5",
      "resolved": "https://registry.npmjs.org/tweetnacl/-/tweetnacl-0.14.5.tgz",
      "integrity": "sha1-WuaBd/GS1EViadEIr6k/+HQ/T2Q=",
      "dev": true,
      "optional": true
    },
    "type-is": {
      "version": "1.6.15",
      "resolved": "https://registry.npmjs.org/type-is/-/type-is-1.6.15.tgz",
      "integrity": "sha1-yrEPtJCeRByChC6v4a1kbIGARBA=",
      "requires": {
        "media-typer": "0.3.0",
        "mime-types": "2.1.16"
      }
    },
    "underscore": {
      "version": "1.8.3",
      "resolved": "https://registry.npmjs.org/underscore/-/underscore-1.8.3.tgz",
      "integrity": "sha1-Tz+1OxBuYJf8+ctBCfKl6b36UCI=",
      "dev": true
    },
    "unpipe": {
      "version": "1.0.0",
      "resolved": "https://registry.npmjs.org/unpipe/-/unpipe-1.0.0.tgz",
      "integrity": "sha1-sr9O6FFKrmFltIF4KdIbLvSZBOw="
    },
    "use-plugin": {
      "version": "0.3.1",
      "resolved": "https://registry.npmjs.org/use-plugin/-/use-plugin-0.3.1.tgz",
      "integrity": "sha1-XZafuZq1XOTxr5BsmXgjKnWJIa8=",
      "requires": {
        "eraro": "0.4.1",
        "lodash": "2.4.2",
        "nid": "0.3.2",
        "norma": "0.3.0"
      },
      "dependencies": {
        "lodash": {
          "version": "2.4.2",
          "resolved": "https://registry.npmjs.org/lodash/-/lodash-2.4.2.tgz",
          "integrity": "sha1-+t2DS5aDBz2hebPq5tnA0VBT9z4="
        }
      }
    },
    "util-deprecate": {
      "version": "1.0.2",
      "resolved": "https://registry.npmjs.org/util-deprecate/-/util-deprecate-1.0.2.tgz",
      "integrity": "sha1-RQ1Nyfpw3nMnYvvS1KKJgUGaDM8="
    },
    "utils-merge": {
      "version": "1.0.0",
      "resolved": "https://registry.npmjs.org/utils-merge/-/utils-merge-1.0.0.tgz",
      "integrity": "sha1-ApT7kiu5N1FTVBxPcJYjHyh8ivg="
    },
    "uuid": {
      "version": "3.1.0",
      "resolved": "https://registry.npmjs.org/uuid/-/uuid-3.1.0.tgz",
      "integrity": "sha512-DIWtzUkw04M4k3bf1IcpS2tngXEL26YUD2M0tMDUpnUrz2hgzUBlD55a4FjdLGPvfHxS6uluGWvaVEqgBcVa+g==",
      "dev": true
    },
    "vary": {
      "version": "1.1.1",
      "resolved": "https://registry.npmjs.org/vary/-/vary-1.1.1.tgz",
      "integrity": "sha1-Z1Neu2lMHVIldFeYRmUyP1h+jTc="
    },
    "verror": {
      "version": "1.10.0",
      "resolved": "https://registry.npmjs.org/verror/-/verror-1.10.0.tgz",
      "integrity": "sha1-OhBcoXBTr1XW4nDB+CiGguGNpAA=",
      "dev": true,
      "requires": {
        "assert-plus": "1.0.0",
        "core-util-is": "1.0.2",
        "extsprintf": "1.3.0"
      },
      "dependencies": {
        "assert-plus": {
          "version": "1.0.0",
          "resolved": "https://registry.npmjs.org/assert-plus/-/assert-plus-1.0.0.tgz",
          "integrity": "sha1-8S4PPF13sLHN2RRpQuTpbB5N1SU=",
          "dev": true
        }
      }
    },
    "walkdir": {
      "version": "0.0.11",
      "resolved": "https://registry.npmjs.org/walkdir/-/walkdir-0.0.11.tgz",
      "integrity": "sha1-oW0CXrkxvQO1LzCMrtD0D86+lTI=",
      "dev": true
    },
    "wreck": {
      "version": "6.3.0",
      "resolved": "https://registry.npmjs.org/wreck/-/wreck-6.3.0.tgz",
      "integrity": "sha1-oTaXafB7u2LWo3gzanhx/Hc8dAs=",
      "requires": {
        "boom": "2.10.1",
        "hoek": "2.16.3"
      }
    },
    "xtend": {
      "version": "4.0.1",
      "resolved": "https://registry.npmjs.org/xtend/-/xtend-4.0.1.tgz",
      "integrity": "sha1-pcbVMr5lbiPbgg77lDofBJmNY68="
    },
    "yallist": {
      "version": "2.1.2",
      "resolved": "https://registry.npmjs.org/yallist/-/yallist-2.1.2.tgz",
      "integrity": "sha1-HBH5IY8HYImkfdUS+TxmmaaoHVI="
    },
    "zig": {
      "version": "0.1.1",
      "resolved": "https://registry.npmjs.org/zig/-/zig-0.1.1.tgz",
      "integrity": "sha1-gBGFWUx9EzjxTD6/vgunTwuWnMs=",
      "requires": {
        "lodash": "2.4.2"
      },
      "dependencies": {
        "lodash": {
          "version": "2.4.2",
          "resolved": "https://registry.npmjs.org/lodash/-/lodash-2.4.2.tgz",
          "integrity": "sha1-+t2DS5aDBz2hebPq5tnA0VBT9z4="
        }
      }
    }
  }
}
